<?xml version="1.0" encoding="utf-8"?>
<Project ToolsVersion="4.0" xmlns="http://schemas.microsoft.com/developer/msbuild/2003">
  <ItemGroup>
    <Filter Include="Source Files">
      <UniqueIdentifier>{4FC737F1-C7A5-4376-A066-2A32D752A2FF}</UniqueIdentifier>
      <Extensions>cpp;c;cc;cxx;def;odl;idl;hpj;bat;asm;asmx</Extensions>
    </Filter>
    <Filter Include="Header Files">
      <UniqueIdentifier>{93995380-89BD-4b04-88EB-625FBE52EBFB}</UniqueIdentifier>
      <Extensions>h;hpp;hxx;hm;inl;inc;xsd</Extensions>
    </Filter>
    <Filter Include="Resource Files">
      <UniqueIdentifier>{67DA6AB6-F800-4c08-8B7A-83BB121AAD01}</UniqueIdentifier>
      <Extensions>rc;ico;cur;bmp;dlg;rc2;rct;bin;rgs;gif;jpg;jpeg;jpe;resx;tiff;tif;png;wav;mfcribbon-ms</Extensions>
    </Filter>
    <Filter Include="Header Files\Accounts">
      <UniqueIdentifier>{799a6d24-00f4-4755-bd87-937777eab04d}</UniqueIdentifier>
    </Filter>
    <Filter Include="Source Files\Accounts">
      <UniqueIdentifier>{00afa24c-b85d-4993-9e59-ff40c98fa602}</UniqueIdentifier>
    </Filter>
  </ItemGroup>
  <ItemGroup>
    <ClCompile Include="Customer.cpp">
      <Filter>Source Files</Filter>
    </ClCompile>
    <ClCompile Include="Account.cpp">
      <Filter>Source Files\Accounts</Filter>
    </ClCompile>
    <ClCompile Include="Main.cpp">
      <Filter>Source Files</Filter>
    </ClCompile>
    <ClCompile Include="Transaction.cpp">
      <Filter>Source Files</Filter>
    </ClCompile>
    <ClCompile Include="CurrentAndSavings.cpp">
      <Filter>Source Files\Accounts</Filter>
    </ClCompile>
    <ClCompile Include="MortgageAndLoan.cpp">
      <Filter>Source Files\Accounts</Filter>
    </ClCompile>
    <ClCompile Include="Junior.cpp">
      <Filter>Source Files\Accounts</Filter>
    </ClCompile>
  </ItemGroup>
  <ItemGroup>
    <ClInclude Include="Customer.h">
      <Filter>Header Files</Filter>
    </ClInclude>
    <ClInclude Include="Account.h">
      <Filter>Header Files\Accounts</Filter>
    </ClInclude>
    <ClInclude Include="Transaction.h">
      <Filter>Header Files</Filter>
    </ClInclude>
    <ClInclude Include="CurrentAndSavings.h">
      <Filter>Header Files\Accounts</Filter>
    </ClInclude>
    <ClInclude Include="MortgageAndLoan.h">
      <Filter>Header Files\Accounts</Filter>
    </ClInclude>
    <ClInclude Include="CustomerLinkedList.h">
      <Filter>Header Files</Filter>
    </ClInclude>
    <ClInclude Include="AccountLinkedList.h">
      <Filter>Header Files</Filter>
    </ClInclude>
    <ClInclude Include="CustomerNode.h">
      <Filter>Header Files</Filter>
    </ClInclude>
    <ClInclude Include="AccountNode.h">
      <Filter>Header Files</Filter>
    </ClInclude>
    <ClInclude Include="Junior.h">
      <Filter>Header Files\Accounts</Filter>
    </ClInclude>
  </ItemGroup>
</Project>